Microsoft Visual Studio Solution File, Format Version 12.00
# Visual Studio Version 17
VisualStudioVersion = 17.5.2.0
MinimumVisualStudioVersion = 10.0.40219.1
Project("{FAE04EC0-301F-11D3-BF4B-00C04F79EFBC}") = "Employeeproject", "Employeeproject.csproj", "{10D10E4F-9909-4B38-F095-13EB444EE781}"
EndProject
Global
	GlobalSection(SolutionConfigurationPlatforms) = preSolution
		Debug|Any CPU = Debug|Any CPU
		Release|Any CPU = Release|Any CPU
	EndGlobalSection
	GlobalSection(ProjectConfigurationPlatforms) = postSolution
		{10D10E4F-9909-4B38-F095-13EB444EE781}.Debug|Any CPU.ActiveCfg = Debug|Any CPU
		{10D10E4F-9909-4B38-F095-13EB444EE781}.Debug|Any CPU.Build.0 = Debug|Any CPU
		{10D10E4F-9909-4B38-F095-13EB444EE781}.Release|Any CPU.ActiveCfg = Release|Any CPU
		{10D10E4F-9909-4B38-F095-13EB444EE781}.Release|Any CPU.Build.0 = Release|Any CPU
	EndGlobalSection
	GlobalSection(SolutionProperties) = preSolution
		HideSolutionNode = FALSE
	EndGlobalSection
	GlobalSection(ExtensibilityGlobals) = postSolution
		SolutionGuid = {F000162B-94C9-4303-816B-BE3C727BF779}
	EndGlobalSection
EndGlobal
